<?xml version="1.0" encoding="utf-8"?>
<Project ToolsVersion="4.0" xmlns="http://schemas.microsoft.com/developer/msbuild/2003">
  <ItemGroup>
    <Filter Include="Source Files">
      <UniqueIdentifier>{4FC737F1-C7A5-4376-A066-2A32D752A2FF}</UniqueIdentifier>
      <Extensions>cpp;c;cc;cxx;def;odl;idl;hpj;bat;asm;asmx</Extensions>
    </Filter>
    <Filter Include="Header Files">
      <UniqueIdentifier>{93995380-89BD-4b04-88EB-625FBE52EBFB}</UniqueIdentifier>
      <Extensions>h;hpp;hxx;hm;inl;inc;xsd</Extensions>
    </Filter>
    <Filter Include="Resource Files">
      <UniqueIdentifier>{67DA6AB6-F800-4c08-8B7A-83BB121AAD01}</UniqueIdentifier>
      <Extensions>rc;ico;cur;bmp;dlg;rc2;rct;bin;rgs;gif;jpg;jpeg;jpe;resx;tiff;tif;png;wav;mfcribbon-ms</Extensions>
    </Filter>
  </ItemGroup>
  <ItemGroup>
    <ClInclude Include="resource.h">
      <Filter>Header Files</Filter>
    </ClInclude>
    <ClInclude Include="anaFilter.h">
      <Filter>Header Files</Filter>
    </ClInclude>
    <ClInclude Include="filter.h">
      <Filter>Header Files</Filter>
    </ClInclude>
    <ClInclude Include="constants.h">
      <Filter>Header Files</Filter>
    </ClInclude>
    <ClInclude Include="createCB.h">
      <Filter>Header Files</Filter>
    </ClInclude>
    <ClInclude Include="doCPLC.h">
      <Filter>Header Files</Filter>
    </ClInclude>
    <ClInclude Include="enhancer.h">
      <Filter>Header Files</Filter>
    </ClInclude>
    <ClInclude Include="iCBSearch.h">
      <Filter>Header Files</Filter>
    </ClInclude>
    <ClInclude Include="FrameClassify.h">
      <Filter>Header Files</Filter>
    </ClInclude>
    <ClInclude Include="gainquant.h">
      <Filter>Header Files</Filter>
    </ClInclude>
    <ClInclude Include="getCBvec.h">
      <Filter>Header Files</Filter>
    </ClInclude>
    <ClInclude Include="helpfun.h">
      <Filter>Header Files</Filter>
    </ClInclude>
    <ClInclude Include="hpInput.h">
      <Filter>Header Files</Filter>
    </ClInclude>
    <ClInclude Include="hpOutput.h">
      <Filter>Header Files</Filter>
    </ClInclude>
    <ClInclude Include="iCBConstruct.h">
      <Filter>Header Files</Filter>
    </ClInclude>
    <ClInclude Include="packing.h">
      <Filter>Header Files</Filter>
    </ClInclude>
    <ClInclude Include="StateConstructW.h">
      <Filter>Header Files</Filter>
    </ClInclude>
    <ClInclude Include="StateSearchW.h">
      <Filter>Header Files</Filter>
    </ClInclude>
    <ClInclude Include="syntFilter.h">
      <Filter>Header Files</Filter>
    </ClInclude>
    <ClInclude Include="iLBC_decode.h">
      <Filter>Header Files</Filter>
    </ClInclude>
    <ClInclude Include="iLBC_define.h">
      <Filter>Header Files</Filter>
    </ClInclude>
    <ClInclude Include="iLBC_encode.h">
      <Filter>Header Files</Filter>
    </ClInclude>
    <ClInclude Include="LPCdecode.h">
      <Filter>Header Files</Filter>
    </ClInclude>
    <ClInclude Include="LPCencode.h">
      <Filter>Header Files</Filter>
    </ClInclude>
    <ClInclude Include="lsf.h">
      <Filter>Header Files</Filter>
    </ClInclude>
    <ClInclude Include="iLBCConverter.h">
      <Filter>Header Files</Filter>
    </ClInclude>
  </ItemGroup>
  <ItemGroup>
    <ResourceCompile Include="iLBCConverter.rc">
      <Filter>Resource Files</Filter>
    </ResourceCompile>
  </ItemGroup>
  <ItemGroup>
    <ClCompile Include="syntFilter.c">
      <Filter>Source Files</Filter>
    </ClCompile>
    <ClCompile Include="anaFilter.c">
      <Filter>Source Files</Filter>
    </ClCompile>
    <ClCompile Include="constants.c">
      <Filter>Source Files</Filter>
    </ClCompile>
    <ClCompile Include="createCB.c">
      <Filter>Source Files</Filter>
    </ClCompile>
    <ClCompile Include="doCPLC.c">
      <Filter>Source Files</Filter>
    </ClCompile>
    <ClCompile Include="enhancer.c">
      <Filter>Source Files</Filter>
    </ClCompile>
    <ClCompile Include="filter.c">
      <Filter>Source Files</Filter>
    </ClCompile>
    <ClCompile Include="FrameClassify.c">
      <Filter>Source Files</Filter>
    </ClCompile>
    <ClCompile Include="gainquant.c">
      <Filter>Source Files</Filter>
    </ClCompile>
    <ClCompile Include="getCBvec.c">
      <Filter>Source Files</Filter>
    </ClCompile>
    <ClCompile Include="helpfun.c">
      <Filter>Source Files</Filter>
    </ClCompile>
    <ClCompile Include="hpInput.c">
      <Filter>Source Files</Filter>
    </ClCompile>
    <ClCompile Include="hpOutput.c">
      <Filter>Source Files</Filter>
    </ClCompile>
    <ClCompile Include="iCBConstruct.c">
      <Filter>Source Files</Filter>
    </ClCompile>
    <ClCompile Include="iCBSearch.c">
      <Filter>Source Files</Filter>
    </ClCompile>
    <ClCompile Include="iLBC_decode.c">
      <Filter>Source Files</Filter>
    </ClCompile>
    <ClCompile Include="iLBC_encode.c">
      <Filter>Source Files</Filter>
    </ClCompile>
    <ClCompile Include="iLBC_test.c">
      <Filter>Source Files</Filter>
    </ClCompile>
    <ClCompile Include="LPCdecode.c">
      <Filter>Source Files</Filter>
    </ClCompile>
    <ClCompile Include="LPCencode.c">
      <Filter>Source Files</Filter>
    </ClCompile>
    <ClCompile Include="lsf.c">
      <Filter>Source Files</Filter>
    </ClCompile>
    <ClCompile Include="packing.c">
      <Filter>Source Files</Filter>
    </ClCompile>
    <ClCompile Include="StateConstructW.c">
      <Filter>Source Files</Filter>
    </ClCompile>
    <ClCompile Include="StateSearchW.c">
      <Filter>Source Files</Filter>
    </ClCompile>
    <ClCompile Include="iLBCConverter.cpp">
      <Filter>Source Files</Filter>
    </ClCompile>
  </ItemGroup>
</Project>